
Microsoft Visual Studio Solution File, Format Version 12.00
# Visual Studio Version 16
VisualStudioVersion = 16.0.30907.101
MinimumVisualStudioVersion = 10.0.40219.1
Project("{FAE04EC0-301F-11D3-BF4B-00C04F79EFBC}") = "NudelnDudeln", "NudelnDudeln.csproj", "{4C7F4DB3-8BD5-423A-8ED2-13E98E100D20}"
EndProject
Global
	GlobalSection(SolutionConfigurationPlatforms) = preSolution
		Debug|Any CPU = Debug|Any CPU
		Release|Any CPU = Release|Any CPU
	EndGlobalSection
	GlobalSection(ProjectConfigurationPlatforms) = postSolution
		{4C7F4DB3-8BD5-423A-8ED2-13E98E100D20}.Debug|Any CPU.ActiveCfg = Debug|Any CPU
		{4C7F4DB3-8BD5-423A-8ED2-13E98E100D20}.Debug|Any CPU.Build.0 = Debug|Any CPU
		{4C7F4DB3-8BD5-423A-8ED2-13E98E100D20}.Release|Any CPU.ActiveCfg = Release|Any CPU
		{4C7F4DB3-8BD5-423A-8ED2-13E98E100D20}.Release|Any CPU.Build.0 = Release|Any CPU
	EndGlobalSection
	GlobalSection(SolutionProperties) = preSolution
		HideSolutionNode = FALSE
	EndGlobalSection
	GlobalSection(ExtensibilityGlobals) = postSolution
		SolutionGuid = {288C9EAC-3EC9-42AD-A5A3-1A71015C0765}
	EndGlobalSection
EndGlobal
